// !$*UTF8*$!
{
	archiveVersion = 1;
	classes = {
	};
	objectVersion = 46;
	objects = {

/* Begin PBXBuildFile section */
		3C8C3D5C1F619F9100EF5228 /* AppDelegate.swift in Sources */ = {isa = PBXBuildFile; fileRef = 3C8C3D5B1F619F9100EF5228 /* AppDelegate.swift */; };
		3C8C3D5E1F619F9100EF5228 /* ViewController.swift in Sources */ = {isa = PBXBuildFile; fileRef = 3C8C3D5D1F619F9100EF5228 /* ViewController.swift */; };
		3C8C3D611F619F9100EF5228 /* Main.storyboard in Resources */ = {isa = PBXBuildFile; fileRef = 3C8C3D5F1F619F9100EF5228 /* Main.storyboard */; };
		3C8C3D631F619F9100EF5228 /* Assets.xcassets in Resources */ = {isa = PBXBuildFile; fileRef = 3C8C3D621F619F9100EF5228 /* Assets.xcassets */; };
		3C8C3D661F619F9100EF5228 /* LaunchScreen.storyboard in Resources */ = {isa = PBXBuildFile; fileRef = 3C8C3D641F619F9100EF5228 /* LaunchScreen.storyboard */; };
		3C8C3D711F619F9100EF5228 /* AppStoreOffsiteTestTests.swift in Sources */ = {isa = PBXBuildFile; fileRef = 3C8C3D701F619F9100EF5228 /* AppStoreOffsiteTestTests.swift */; };
		3CB96FB71F63923900530901 /* Dictionary+JSONData.swift in Sources */ = {isa = PBXBuildFile; fileRef = 3CB96FA71F63923800530901 /* Dictionary+JSONData.swift */; };
		3CB96FB81F63923900530901 /* HTTPClient.swift in Sources */ = {isa = PBXBuildFile; fileRef = 3CB96FA81F63923800530901 /* HTTPClient.swift */; };
		3CB96FB91F63923900530901 /* NetworkActivityManager.swift in Sources */ = {isa = PBXBuildFile; fileRef = 3CB96FA91F63923800530901 /* NetworkActivityManager.swift */; };
		3CB96FBA1F63923900530901 /* NetworkingError.swift in Sources */ = {isa = PBXBuildFile; fileRef = 3CB96FAA1F63923800530901 /* NetworkingError.swift */; };
		3CB96FBB1F63923900530901 /* URLRequestSerializer.swift in Sources */ = {isa = PBXBuildFile; fileRef = 3CB96FAB1F63923800530901 /* URLRequestSerializer.swift */; };
		3CB96FBC1F63923900530901 /* URLResponseParser.swift in Sources */ = {isa = PBXBuildFile; fileRef = 3CB96FAC1F63923800530901 /* URLResponseParser.swift */; };
		3CB96FBD1F63923900530901 /* AppDependencies.swift in Sources */ = {isa = PBXBuildFile; fileRef = 3CB96FAE1F63923800530901 /* AppDependencies.swift */; };
		3CB96FBE1F63923900530901 /* Array+JSONRepresentable.swift in Sources */ = {isa = PBXBuildFile; fileRef = 3CB96FAF1F63923800530901 /* Array+JSONRepresentable.swift */; };
		3CB96FC01F63923900530901 /* Dictionary+JSONRepresentable.swift in Sources */ = {isa = PBXBuildFile; fileRef = 3CB96FB11F63923800530901 /* Dictionary+JSONRepresentable.swift */; };
		3CB96FC11F63923900530901 /* JSONObjectRepresentable.swift in Sources */ = {isa = PBXBuildFile; fileRef = 3CB96FB21F63923800530901 /* JSONObjectRepresentable.swift */; };
		3CB96FC21F63923900530901 /* JSONValueRepresentable.swift in Sources */ = {isa = PBXBuildFile; fileRef = 3CB96FB31F63923800530901 /* JSONValueRepresentable.swift */; };
		3CB96FC71F6396B500530901 /* App.swift in Sources */ = {isa = PBXBuildFile; fileRef = 3CB96FC61F6396B500530901 /* App.swift */; };
		3CB96FD71F6398E000530901 /* ObjectFetching.swift in Sources */ = {isa = PBXBuildFile; fileRef = 3CB96FD51F6398E000530901 /* ObjectFetching.swift */; };
		3CB96FD81F6398E000530901 /* ObjectPaginator.swift in Sources */ = {isa = PBXBuildFile; fileRef = 3CB96FD61F6398E000530901 /* ObjectPaginator.swift */; };
		3CB96FDA1F63993A00530901 /* String+URL.swift in Sources */ = {isa = PBXBuildFile; fileRef = 3CB96FD91F63993A00530901 /* String+URL.swift */; };
		3CB96FDC1F639AE700530901 /* AppStoreAPIClient.swift in Sources */ = {isa = PBXBuildFile; fileRef = 3CB96FDB1F639AE700530901 /* AppStoreAPIClient.swift */; };
/* End PBXBuildFile section */

/* Begin PBXContainerItemProxy section */
		3C8C3D6D1F619F9100EF5228 /* PBXContainerItemProxy */ = {
			isa = PBXContainerItemProxy;
			containerPortal = 3C8C3D501F619F9100EF5228 /* Project object */;
			proxyType = 1;
			remoteGlobalIDString = 3C8C3D571F619F9100EF5228;
			remoteInfo = AppStoreOffsiteTest;
		};
/* End PBXContainerItemProxy section */

/* Begin PBXFileReference section */
		3C8C3D581F619F9100EF5228 /* AppStoreOffsiteTest.app */ = {isa = PBXFileReference; explicitFileType = wrapper.application; includeInIndex = 0; path = AppStoreOffsiteTest.app; sourceTree = BUILT_PRODUCTS_DIR; };
		3C8C3D5B1F619F9100EF5228 /* AppDelegate.swift */ = {isa = PBXFileReference; lastKnownFileType = sourcecode.swift; path = AppDelegate.swift; sourceTree = "<group>"; };
		3C8C3D5D1F619F9100EF5228 /* ViewController.swift */ = {isa = PBXFileReference; lastKnownFileType = sourcecode.swift; path = ViewController.swift; sourceTree = "<group>"; };
		3C8C3D601F619F9100EF5228 /* Base */ = {isa = PBXFileReference; lastKnownFileType = file.storyboard; name = Base; path = Base.lproj/Main.storyboard; sourceTree = "<group>"; };
		3C8C3D621F619F9100EF5228 /* Assets.xcassets */ = {isa = PBXFileReference; lastKnownFileType = folder.assetcatalog; path = Assets.xcassets; sourceTree = "<group>"; };
		3C8C3D651F619F9100EF5228 /* Base */ = {isa = PBXFileReference; lastKnownFileType = file.storyboard; name = Base; path = Base.lproj/LaunchScreen.storyboard; sourceTree = "<group>"; };
		3C8C3D671F619F9100EF5228 /* Info.plist */ = {isa = PBXFileReference; lastKnownFileType = text.plist.xml; path = Info.plist; sourceTree = "<group>"; };
		3C8C3D6C1F619F9100EF5228 /* AppStoreOffsiteTestTests.xctest */ = {isa = PBXFileReference; explicitFileType = wrapper.cfbundle; includeInIndex = 0; path = AppStoreOffsiteTestTests.xctest; sourceTree = BUILT_PRODUCTS_DIR; };
		3C8C3D701F619F9100EF5228 /* AppStoreOffsiteTestTests.swift */ = {isa = PBXFileReference; lastKnownFileType = sourcecode.swift; path = AppStoreOffsiteTestTests.swift; sourceTree = "<group>"; };
		3C8C3D721F619F9100EF5228 /* Info.plist */ = {isa = PBXFileReference; lastKnownFileType = text.plist.xml; path = Info.plist; sourceTree = "<group>"; };
		3CB96FA71F63923800530901 /* Dictionary+JSONData.swift */ = {isa = PBXFileReference; fileEncoding = 4; lastKnownFileType = sourcecode.swift; path = "Dictionary+JSONData.swift"; sourceTree = "<group>"; };
		3CB96FA81F63923800530901 /* HTTPClient.swift */ = {isa = PBXFileReference; fileEncoding = 4; lastKnownFileType = sourcecode.swift; path = HTTPClient.swift; sourceTree = "<group>"; };
		3CB96FA91F63923800530901 /* NetworkActivityManager.swift */ = {isa = PBXFileReference; fileEncoding = 4; lastKnownFileType = sourcecode.swift; path = NetworkActivityManager.swift; sourceTree = "<group>"; };
		3CB96FAA1F63923800530901 /* NetworkingError.swift */ = {isa = PBXFileReference; fileEncoding = 4; lastKnownFileType = sourcecode.swift; path = NetworkingError.swift; sourceTree = "<group>"; };
		3CB96FAB1F63923800530901 /* URLRequestSerializer.swift */ = {isa = PBXFileReference; fileEncoding = 4; lastKnownFileType = sourcecode.swift; path = URLRequestSerializer.swift; sourceTree = "<group>"; };
		3CB96FAC1F63923800530901 /* URLResponseParser.swift */ = {isa = PBXFileReference; fileEncoding = 4; lastKnownFileType = sourcecode.swift; path = URLResponseParser.swift; sourceTree = "<group>"; };
		3CB96FAE1F63923800530901 /* AppDependencies.swift */ = {isa = PBXFileReference; fileEncoding = 4; lastKnownFileType = sourcecode.swift; path = AppDependencies.swift; sourceTree = "<group>"; };
		3CB96FAF1F63923800530901 /* Array+JSONRepresentable.swift */ = {isa = PBXFileReference; fileEncoding = 4; lastKnownFileType = sourcecode.swift; path = "Array+JSONRepresentable.swift"; sourceTree = "<group>"; };
		3CB96FB11F63923800530901 /* Dictionary+JSONRepresentable.swift */ = {isa = PBXFileReference; fileEncoding = 4; lastKnownFileType = sourcecode.swift; path = "Dictionary+JSONRepresentable.swift"; sourceTree = "<group>"; };
		3CB96FB21F63923800530901 /* JSONObjectRepresentable.swift */ = {isa = PBXFileReference; fileEncoding = 4; lastKnownFileType = sourcecode.swift; path = JSONObjectRepresentable.swift; sourceTree = "<group>"; };
		3CB96FB31F63923800530901 /* JSONValueRepresentable.swift */ = {isa = PBXFileReference; fileEncoding = 4; lastKnownFileType = sourcecode.swift; path = JSONValueRepresentable.swift; sourceTree = "<group>"; };
		3CB96FC61F6396B500530901 /* App.swift */ = {isa = PBXFileReference; fileEncoding = 4; lastKnownFileType = sourcecode.swift; path = App.swift; sourceTree = "<group>"; };
		3CB96FD51F6398E000530901 /* ObjectFetching.swift */ = {isa = PBXFileReference; fileEncoding = 4; lastKnownFileType = sourcecode.swift; path = ObjectFetching.swift; sourceTree = "<group>"; };
		3CB96FD61F6398E000530901 /* ObjectPaginator.swift */ = {isa = PBXFileReference; fileEncoding = 4; lastKnownFileType = sourcecode.swift; path = ObjectPaginator.swift; sourceTree = "<group>"; };
		3CB96FD91F63993A00530901 /* String+URL.swift */ = {isa = PBXFileReference; fileEncoding = 4; lastKnownFileType = sourcecode.swift; path = "String+URL.swift"; sourceTree = "<group>"; };
		3CB96FDB1F639AE700530901 /* AppStoreAPIClient.swift */ = {isa = PBXFileReference; fileEncoding = 4; lastKnownFileType = sourcecode.swift; path = AppStoreAPIClient.swift; sourceTree = "<group>"; };
/* End PBXFileReference section */

/* Begin PBXFrameworksBuildPhase section */
		3C8C3D551F619F9100EF5228 /* Frameworks */ = {
			isa = PBXFrameworksBuildPhase;
			buildActionMask = 2147483647;
			files = (
			);
			runOnlyForDeploymentPostprocessing = 0;
		};
		3C8C3D691F619F9100EF5228 /* Frameworks */ = {
			isa = PBXFrameworksBuildPhase;
			buildActionMask = 2147483647;
			files = (
			);
			runOnlyForDeploymentPostprocessing = 0;
		};
/* End PBXFrameworksBuildPhase section */

/* Begin PBXGroup section */
		3C8C3D4F1F619F9100EF5228 = {
			isa = PBXGroup;
			children = (
				3C8C3D5A1F619F9100EF5228 /* AppStoreOffsiteTest */,
				3C8C3D6F1F619F9100EF5228 /* AppStoreOffsiteTestTests */,
				3C8C3D591F619F9100EF5228 /* Products */,
			);
			sourceTree = "<group>";
		};
		3C8C3D591F619F9100EF5228 /* Products */ = {
			isa = PBXGroup;
			children = (
				3C8C3D581F619F9100EF5228 /* AppStoreOffsiteTest.app */,
				3C8C3D6C1F619F9100EF5228 /* AppStoreOffsiteTestTests.xctest */,
			);
			name = Products;
			sourceTree = "<group>";
		};
		3C8C3D5A1F619F9100EF5228 /* AppStoreOffsiteTest */ = {
			isa = PBXGroup;
			children = (
				3CB96FC91F63989D00530901 /* APIClient */,
				3CB96FA61F63923800530901 /* Networkings */,
				3CB96FAD1F63923800530901 /* Shared */,
				3CB96FC81F6396BA00530901 /* Model */,
				3C8C3D5B1F619F9100EF5228 /* AppDelegate.swift */,
				3C8C3D5D1F619F9100EF5228 /* ViewController.swift */,
				3C8C3D5F1F619F9100EF5228 /* Main.storyboard */,
				3C8C3D621F619F9100EF5228 /* Assets.xcassets */,
				3C8C3D641F619F9100EF5228 /* LaunchScreen.storyboard */,
				3C8C3D671F619F9100EF5228 /* Info.plist */,
			);
			path = AppStoreOffsiteTest;
			sourceTree = "<group>";
		};
		3C8C3D6F1F619F9100EF5228 /* AppStoreOffsiteTestTests */ = {
			isa = PBXGroup;
			children = (
				3C8C3D701F619F9100EF5228 /* AppStoreOffsiteTestTests.swift */,
				3C8C3D721F619F9100EF5228 /* Info.plist */,
			);
			path = AppStoreOffsiteTestTests;
			sourceTree = "<group>";
		};
		3CB96FA61F63923800530901 /* Networkings */ = {
			isa = PBXGroup;
			children = (
				3CB96FA71F63923800530901 /* Dictionary+JSONData.swift */,
				3CB96FA81F63923800530901 /* HTTPClient.swift */,
				3CB96FA91F63923800530901 /* NetworkActivityManager.swift */,
				3CB96FAA1F63923800530901 /* NetworkingError.swift */,
				3CB96FAB1F63923800530901 /* URLRequestSerializer.swift */,
				3CB96FAC1F63923800530901 /* URLResponseParser.swift */,
			);
			path = Networkings;
			sourceTree = "<group>";
		};
		3CB96FAD1F63923800530901 /* Shared */ = {
			isa = PBXGroup;
			children = (
				3CB96FD91F63993A00530901 /* String+URL.swift */,
				3CB96FAE1F63923800530901 /* AppDependencies.swift */,
				3CB96FAF1F63923800530901 /* Array+JSONRepresentable.swift */,
				3CB96FB11F63923800530901 /* Dictionary+JSONRepresentable.swift */,
				3CB96FB21F63923800530901 /* JSONObjectRepresentable.swift */,
				3CB96FB31F63923800530901 /* JSONValueRepresentable.swift */,
			);
			path = Shared;
			sourceTree = "<group>";
		};
		3CB96FC81F6396BA00530901 /* Model */ = {
			isa = PBXGroup;
			children = (
				3CB96FC61F6396B500530901 /* App.swift */,
			);
			name = Model;
			sourceTree = "<group>";
		};
		3CB96FC91F63989D00530901 /* APIClient */ = {
			isa = PBXGroup;
			children = (
				3CB96FCF1F63989D00530901 /* Pagination */,
				3CB96FDB1F639AE700530901 /* AppStoreAPIClient.swift */,
			);
			path = APIClient;
			sourceTree = "<group>";
		};
		3CB96FCF1F63989D00530901 /* Pagination */ = {
			isa = PBXGroup;
			children = (
				3CB96FD51F6398E000530901 /* ObjectFetching.swift */,
				3CB96FD61F6398E000530901 /* ObjectPaginator.swift */,
			);
			path = Pagination;
			sourceTree = "<group>";
		};
/* End PBXGroup section */

/* Begin PBXNativeTarget section */
		3C8C3D571F619F9100EF5228 /* AppStoreOffsiteTest */ = {
			isa = PBXNativeTarget;
			buildConfigurationList = 3C8C3D751F619F9100EF5228 /* Build configuration list for PBXNativeTarget "AppStoreOffsiteTest" */;
			buildPhases = (
				3C8C3D541F619F9100EF5228 /* Sources */,
				3C8C3D551F619F9100EF5228 /* Frameworks */,
				3C8C3D561F619F9100EF5228 /* Resources */,
			);
			buildRules = (
			);
			dependencies = (
			);
			name = AppStoreOffsiteTest;
			productName = AppStoreOffsiteTest;
			productReference = 3C8C3D581F619F9100EF5228 /* AppStoreOffsiteTest.app */;
			productType = "com.apple.product-type.application";
		};
		3C8C3D6B1F619F9100EF5228 /* AppStoreOffsiteTestTests */ = {
			isa = PBXNativeTarget;
			buildConfigurationList = 3C8C3D781F619F9100EF5228 /* Build configuration list for PBXNativeTarget "AppStoreOffsiteTestTests" */;
			buildPhases = (
				3C8C3D681F619F9100EF5228 /* Sources */,
				3C8C3D691F619F9100EF5228 /* Frameworks */,
				3C8C3D6A1F619F9100EF5228 /* Resources */,
			);
			buildRules = (
			);
			dependencies = (
				3C8C3D6E1F619F9100EF5228 /* PBXTargetDependency */,
			);
			name = AppStoreOffsiteTestTests;
			productName = AppStoreOffsiteTestTests;
			productReference = 3C8C3D6C1F619F9100EF5228 /* AppStoreOffsiteTestTests.xctest */;
			productType = "com.apple.product-type.bundle.unit-test";
		};
/* End PBXNativeTarget section */

/* Begin PBXProject section */
		3C8C3D501F619F9100EF5228 /* Project object */ = {
			isa = PBXProject;
			attributes = {
				LastSwiftUpdateCheck = 0830;
				LastUpgradeCheck = 0830;
				ORGANIZATIONNAME = HarryPan;
				TargetAttributes = {
					3C8C3D571F619F9100EF5228 = {
						CreatedOnToolsVersion = 8.3.3;
						DevelopmentTeam = A9LG85B53S;
						ProvisioningStyle = Automatic;
					};
					3C8C3D6B1F619F9100EF5228 = {
						CreatedOnToolsVersion = 8.3.3;
						DevelopmentTeam = A9LG85B53S;
						ProvisioningStyle = Automatic;
						TestTargetID = 3C8C3D571F619F9100EF5228;
					};
				};
			};
			buildConfigurationList = 3C8C3D531F619F9100EF5228 /* Build configuration list for PBXProject "AppStoreOffsiteTest" */;
			compatibilityVersion = "Xcode 3.2";
			developmentRegion = English;
			hasScannedForEncodings = 0;
			knownRegions = (
				en,
				Base,
			);
			mainGroup = 3C8C3D4F1F619F9100EF5228;
			productRefGroup = 3C8C3D591F619F9100EF5228 /* Products */;
			projectDirPath = "";
			projectRoot = "";
			targets = (
				3C8C3D571F619F9100EF5228 /* AppStoreOffsiteTest */,
				3C8C3D6B1F619F9100EF5228 /* AppStoreOffsiteTestTests */,
			);
		};
/* End PBXProject section */

/* Begin PBXResourcesBuildPhase section */
		3C8C3D561F619F9100EF5228 /* Resources */ = {
			isa = PBXResourcesBuildPhase;
			buildActionMask = 2147483647;
			files = (
				3C8C3D661F619F9100EF5228 /* LaunchScreen.storyboard in Resources */,
				3C8C3D631F619F9100EF5228 /* Assets.xcassets in Resources */,
				3C8C3D611F619F9100EF5228 /* Main.storyboard in Resources */,
			);
			runOnlyForDeploymentPostprocessing = 0;
		};
		3C8C3D6A1F619F9100EF5228 /* Resources */ = {
			isa = PBXResourcesBuildPhase;
			buildActionMask = 2147483647;
			files = (
			);
			runOnlyForDeploymentPostprocessing = 0;
		};
/* End PBXResourcesBuildPhase section */

/* Begin PBXSourcesBuildPhase section */
		3C8C3D541F619F9100EF5228 /* Sources */ = {
			isa = PBXSourcesBuildPhase;
			buildActionMask = 2147483647;
			files = (
				3CB96FDA1F63993A00530901 /* String+URL.swift in Sources */,
				3C8C3D5E1F619F9100EF5228 /* ViewController.swift in Sources */,
				3CB96FBC1F63923900530901 /* URLResponseParser.swift in Sources */,
				3CB96FBE1F63923900530901 /* Array+JSONRepresentable.swift in Sources */,
				3C8C3D5C1F619F9100EF5228 /* AppDelegate.swift in Sources */,
				3CB96FB91F63923900530901 /* NetworkActivityManager.swift in Sources */,
				3CB96FC71F6396B500530901 /* App.swift in Sources */,
				3CB96FBB1F63923900530901 /* URLRequestSerializer.swift in Sources */,
				3CB96FB81F63923900530901 /* HTTPClient.swift in Sources */,
				3CB96FDC1F639AE700530901 /* AppStoreAPIClient.swift in Sources */,
				3CB96FC01F63923900530901 /* Dictionary+JSONRepresentable.swift in Sources */,
				3CB96FBD1F63923900530901 /* AppDependencies.swift in Sources */,
				3CB96FBA1F63923900530901 /* NetworkingError.swift in Sources */,
				3CB96FD71F6398E000530901 /* ObjectFetching.swift in Sources */,
				3CB96FB71F63923900530901 /* Dictionary+JSONData.swift in Sources */,
				3CB96FD81F6398E000530901 /* ObjectPaginator.swift in Sources */,
				3CB96FC21F63923900530901 /* JSONValueRepresentable.swift in Sources */,
				3CB96FC11F63923900530901 /* JSONObjectRepresentable.swift in Sources */,
			);
			runOnlyForDeploymentPostprocessing = 0;
		};
		3C8C3D681F619F9100EF5228 /* Sources */ = {
			isa = PBXSourcesBuildPhase;
			buildActionMask = 2147483647;
			files = (
				3C8C3D711F619F9100EF5228 /* AppStoreOffsiteTestTests.swift in Sources */,
			);
			runOnlyForDeploymentPostprocessing = 0;
		};
/* End PBXSourcesBuildPhase section */

/* Begin PBXTargetDependency section */
		3C8C3D6E1F619F9100EF5228 /* PBXTargetDependency */ = {
			isa = PBXTargetDependency;
			target = 3C8C3D571F619F9100EF5228 /* AppStoreOffsiteTest */;
			targetProxy = 3C8C3D6D1F619F9100EF5228 /* PBXContainerItemProxy */;
		};
/* End PBXTargetDependency section */

/* Begin PBXVariantGroup section */
		3C8C3D5F1F619F9100EF5228 /* Main.storyboard */ = {
			isa = PBXVariantGroup;
			children = (
				3C8C3D601F619F9100EF5228 /* Base */,
			);
			name = Main.storyboard;
			sourceTree = "<group>";
		};
		3C8C3D641F619F9100EF5228 /* LaunchScreen.storyboard */ = {
			isa = PBXVariantGroup;
			children = (
				3C8C3D651F619F9100EF5228 /* Base */,
			);
			name = LaunchScreen.storyboard;
			sourceTree = "<group>";
		};
/* End PBXVariantGroup section */

/* Begin XCBuildConfiguration section */
		3C8C3D731F619F9100EF5228 /* Debug */ = {
			isa = XCBuildConfiguration;
			buildSettings = {
				ALWAYS_SEARCH_USER_PATHS = NO;
				CLANG_ANALYZER_NONNULL = YES;
				CLANG_ANALYZER_NUMBER_OBJECT_CONVERSION = YES_AGGRESSIVE;
				CLANG_CXX_LANGUAGE_STANDARD = "gnu++0x";
				CLANG_CXX_LIBRARY = "libc++";
				CLANG_ENABLE_MODULES = YES;
				CLANG_ENABLE_OBJC_ARC = YES;
				CLANG_WARN_BOOL_CONVERSION = YES;
				CLANG_WARN_CONSTANT_CONVERSION = YES;
				CLANG_WARN_DIRECT_OBJC_ISA_USAGE = YES_ERROR;
				CLANG_WARN_DOCUMENTATION_COMMENTS = YES;
				CLANG_WARN_EMPTY_BODY = YES;
				CLANG_WARN_ENUM_CONVERSION = YES;
				CLANG_WARN_INFINITE_RECURSION = YES;
				CLANG_WARN_INT_CONVERSION = YES;
				CLANG_WARN_OBJC_ROOT_CLASS = YES_ERROR;
				CLANG_WARN_SUSPICIOUS_MOVE = YES;
				CLANG_WARN_UNREACHABLE_CODE = YES;
				CLANG_WARN__DUPLICATE_METHOD_MATCH = YES;
				"CODE_SIGN_IDENTITY[sdk=iphoneos*]" = "iPhone Developer";
				COPY_PHASE_STRIP = NO;
				DEBUG_INFORMATION_FORMAT = dwarf;
				ENABLE_STRICT_OBJC_MSGSEND = YES;
				ENABLE_TESTABILITY = YES;
				GCC_C_LANGUAGE_STANDARD = gnu99;
				GCC_DYNAMIC_NO_PIC = NO;
				GCC_NO_COMMON_BLOCKS = YES;
				GCC_OPTIMIZATION_LEVEL = 0;
				GCC_PREPROCESSOR_DEFINITIONS = (
					"DEBUG=1",
					"$(inherited)",
				);
				GCC_WARN_64_TO_32_BIT_CONVERSION = YES;
				GCC_WARN_ABOUT_RETURN_TYPE = YES_ERROR;
				GCC_WARN_UNDECLARED_SELECTOR = YES;
				GCC_WARN_UNINITIALIZED_AUTOS = YES_AGGRESSIVE;
				GCC_WARN_UNUSED_FUNCTION = YES;
				GCC_WARN_UNUSED_VARIABLE = YES;
				IPHONEOS_DEPLOYMENT_TARGET = 10.3;
				MTL_ENABLE_DEBUG_INFO = YES;
				ONLY_ACTIVE_ARCH = YES;
				SDKROOT = iphoneos;
				SWIFT_ACTIVE_COMPILATION_CONDITIONS = DEBUG;
				SWIFT_OPTIMIZATION_LEVEL = "-Onone";
			};
			name = Debug;
		};
		3C8C3D741F619F9100EF5228 /* Release */ = {
			isa = XCBuildConfiguration;
			buildSettings = {
				ALWAYS_SEARCH_USER_PATHS = NO;
				CLANG_ANALYZER_NONNULL = YES;
				CLANG_ANALYZER_NUMBER_OBJECT_CONVERSION = YES_AGGRESSIVE;
				CLANG_CXX_LANGUAGE_STANDARD = "gnu++0x";
				CLANG_CXX_LIBRARY = "libc++";
				CLANG_ENABLE_MODULES = YES;
				CLANG_ENABLE_OBJC_ARC = YES;
				CLANG_WARN_BOOL_CONVERSION = YES;
				CLANG_WARN_CONSTANT_CONVERSION = YES;
				CLANG_WARN_DIRECT_OBJC_ISA_USAGE = YES_ERROR;
				CLANG_WARN_DOCUMENTATION_COMMENTS = YES;
				CLANG_WARN_EMPTY_BODY = YES;
				CLANG_WARN_ENUM_CONVERSION = YES;
				CLANG_WARN_INFINITE_RECURSION = YES;
				CLANG_WARN_INT_CONVERSION = YES;
				CLANG_WARN_OBJC_ROOT_CLASS = YES_ERROR;
				CLANG_WARN_SUSPICIOUS_MOVE = YES;
				CLANG_WARN_UNREACHABLE_CODE = YES;
				CLANG_WARN__DUPLICATE_METHOD_MATCH = YES;
				"CODE_SIGN_IDENTITY[sdk=iphoneos*]" = "iPhone Developer";
				COPY_PHASE_STRIP = NO;
				DEBUG_INFORMATION_FORMAT = "dwarf-with-dsym";
				ENABLE_NS_ASSERTIONS = NO;
				ENABLE_STRICT_OBJC_MSGSEND = YES;
				GCC_C_LANGUAGE_STANDARD = gnu99;
				GCC_NO_COMMON_BLOCKS = YES;
				GCC_WARN_64_TO_32_BIT_CONVERSION = YES;
				GCC_WARN_ABOUT_RETURN_TYPE = YES_ERROR;
				GCC_WARN_UNDECLARED_SELECTOR = YES;
				GCC_WARN_UNINITIALIZED_AUTOS = YES_AGGRESSIVE;
				GCC_WARN_UNUSED_FUNCTION = YES;
				GCC_WARN_UNUSED_VARIABLE = YES;
				IPHONEOS_DEPLOYMENT_TARGET = 10.3;
				MTL_ENABLE_DEBUG_INFO = NO;
				SDKROOT = iphoneos;
				SWIFT_OPTIMIZATION_LEVEL = "-Owholemodule";
				VALIDATE_PRODUCT = YES;
			};
			name = Release;
		};
		3C8C3D761F619F9100EF5228 /* Debug */ = {
			isa = XCBuildConfiguration;
			buildSettings = {
				ASSETCATALOG_COMPILER_APPICON_NAME = AppIcon;
				DEVELOPMENT_TEAM = A9LG85B53S;
				INFOPLIST_FILE = AppStoreOffsiteTest/Info.plist;
				LD_RUNPATH_SEARCH_PATHS = "$(inherited) @executable_path/Frameworks";
				PRODUCT_BUNDLE_IDENTIFIER = HP.AppStoreOffsiteTest;
				PRODUCT_NAME = "$(TARGET_NAME)";
				SWIFT_VERSION = 3.0;
			};
			name = Debug;
		};
		3C8C3D771F619F9100EF5228 /* Release */ = {
			isa = XCBuildConfiguration;
			buildSettings = {
				ASSETCATALOG_COMPILER_APPICON_NAME = AppIcon;
				DEVELOPMENT_TEAM = A9LG85B53S;
				INFOPLIST_FILE = AppStoreOffsiteTest/Info.plist;
				LD_RUNPATH_SEARCH_PATHS = "$(inherited) @executable_path/Frameworks";
				PRODUCT_BUNDLE_IDENTIFIER = HP.AppStoreOffsiteTest;
				PRODUCT_NAME = "$(TARGET_NAME)";
				SWIFT_VERSION = 3.0;
			};
			name = Release;
		};
		3C8C3D791F619F9100EF5228 /* Debug */ = {
			isa = XCBuildConfiguration;
			buildSettings = {
				ALWAYS_EMBED_SWIFT_STANDARD_LIBRARIES = YES;
				BUNDLE_LOADER = "$(TEST_HOST)";
				DEVELOPMENT_TEAM = A9LG85B53S;
				INFOPLIST_FILE = AppStoreOffsiteTestTests/Info.plist;
				LD_RUNPATH_SEARCH_PATHS = "$(inherited) @executable_path/Frameworks @loader_path/Frameworks";
				PRODUCT_BUNDLE_IDENTIFIER = HP.AppStoreOffsiteTestTests;
				PRODUCT_NAME = "$(TARGET_NAME)";
				SWIFT_VERSION = 3.0;
				TEST_HOST = "$(BUILT_PRODUCTS_DIR)/AppStoreOffsiteTest.app/AppStoreOffsiteTest";
			};
			name = Debug;
		};
		3C8C3D7A1F619F9100EF5228 /* Release */ = {
			isa = XCBuildConfiguration;
			buildSettings = {
				ALWAYS_EMBED_SWIFT_STANDARD_LIBRARIES = YES;
				BUNDLE_LOADER = "$(TEST_HOST)";
				DEVELOPMENT_TEAM = A9LG85B53S;
				INFOPLIST_FILE = AppStoreOffsiteTestTests/Info.plist;
				LD_RUNPATH_SEARCH_PATHS = "$(inherited) @executable_path/Frameworks @loader_path/Frameworks";
				PRODUCT_BUNDLE_IDENTIFIER = HP.AppStoreOffsiteTestTests;
				PRODUCT_NAME = "$(TARGET_NAME)";
				SWIFT_VERSION = 3.0;
				TEST_HOST = "$(BUILT_PRODUCTS_DIR)/AppStoreOffsiteTest.app/AppStoreOffsiteTest";
			};
			name = Release;
		};
/* End XCBuildConfiguration section */

/* Begin XCConfigurationList section */
		3C8C3D531F619F9100EF5228 /* Build configuration list for PBXProject "AppStoreOffsiteTest" */ = {
			isa = XCConfigurationList;
			buildConfigurations = (
				3C8C3D731F619F9100EF5228 /* Debug */,
				3C8C3D741F619F9100EF5228 /* Release */,
			);
			defaultConfigurationIsVisible = 0;
			defaultConfigurationName = Release;
		};
		3C8C3D751F619F9100EF5228 /* Build configuration list for PBXNativeTarget "AppStoreOffsiteTest" */ = {
			isa = XCConfigurationList;
			buildConfigurations = (
				3C8C3D761F619F9100EF5228 /* Debug */,
				3C8C3D771F619F9100EF5228 /* Release */,
			);
			defaultConfigurationIsVisible = 0;
			defaultConfigurationName = Release;
		};
		3C8C3D781F619F9100EF5228 /* Build configuration list for PBXNativeTarget "AppStoreOffsiteTestTests" */ = {
			isa = XCConfigurationList;
			buildConfigurations = (
				3C8C3D791F619F9100EF5228 /* Debug */,
				3C8C3D7A1F619F9100EF5228 /* Release */,
			);
			defaultConfigurationIsVisible = 0;
			defaultConfigurationName = Release;
		};
/* End XCConfigurationList section */
	};
	rootObject = 3C8C3D501F619F9100EF5228 /* Project object */;
}
